
Microsoft Visual Studio Solution File, Format Version 12.00
# Visual Studio 14
VisualStudioVersion = 14.0.24720.0
MinimumVisualStudioVersion = 10.0.40219.1
Project("{8BB2217D-0F2D-49D1-97BC-3654ED321F3B}") = "Kehu1688.Framework.Base", "Kehu1688.Framework.Base\Kehu1688.Framework.Base.xproj", "{6E386222-257F-4DFD-B3BC-8B42D6BB4DE1}"
EndProject
Project("{8BB2217D-0F2D-49D1-97BC-3654ED321F3B}") = "Kehu1688.Framework.Store", "Kehu1688.Framework.Store\Kehu1688.Framework.Store.xproj", "{DFD41F65-3BBF-449F-9350-7A811DE73826}"
EndProject
Project("{2150E333-8FDC-42A3-9474-1A3956D46DE8}") = "Solution Items", "Solution Items", "{25BC12DB-296C-4383-A086-3110D25DC385}"
	ProjectSection(SolutionItems) = preProject
		Kehu1688.Framework.Caches\global.json = Kehu1688.Framework.Caches\global.json
		Kehu1688.Framework.Config\global.json = Kehu1688.Framework.Config\global.json
		Kehu1688.Framework.AuditsFlow\global.json = Kehu1688.Framework.AuditsFlow\global.json
		Kehu1688.Framework.Redis\global.json = Kehu1688.Framework.Redis\global.json
		Kehu1688.Framework.UserLog\global.json = Kehu1688.Framework.UserLog\global.json
		..\文档\框架设计规范.doc = ..\文档\框架设计规范.doc
	EndProjectSection
EndProject
Project("{8BB2217D-0F2D-49D1-97BC-3654ED321F3B}") = "Kehu1688.Framework.Permission.Service", "Kehu1688.Framework.Permission.Service\Kehu1688.Framework.Permission.Service.xproj", "{36295C3F-1630-411B-AF34-0380E38804BB}"
EndProject
Project("{2150E333-8FDC-42A3-9474-1A3956D46DE8}") = "01Base", "01Base", "{747D054B-901A-4002-9488-BCDD50F199A8}"
EndProject
Project("{2150E333-8FDC-42A3-9474-1A3956D46DE8}") = "03Business", "03Business", "{3CBB30B8-3292-49FE-B949-3316411D31CD}"
EndProject
Project("{2150E333-8FDC-42A3-9474-1A3956D46DE8}") = "04Project", "04Project", "{AB412132-209A-46A1-8B41-F408184AB556}"
EndProject
Project("{8BB2217D-0F2D-49D1-97BC-3654ED321F3B}") = "Kehu1688.Framework.DI", "Kehu1688.Framework.DI\Kehu1688.Framework.DI.xproj", "{F5617FB4-8A28-45FE-9795-B94A889FA600}"
EndProject
Project("{8BB2217D-0F2D-49D1-97BC-3654ED321F3B}") = "Kehu1688.Framework.Permission", "Kehu1688.Framework.Permission\Kehu1688.Framework.Permission.xproj", "{5D17CF54-A0F2-412E-97F2-439FB027F4EA}"
EndProject
Project("{8BB2217D-0F2D-49D1-97BC-3654ED321F3B}") = "Kehu1688.Framework.API", "Kehu1688.Framework.API\Kehu1688.Framework.API.xproj", "{5117FE33-21FE-4C88-8260-079CA38B2323}"
EndProject
Project("{2150E333-8FDC-42A3-9474-1A3956D46DE8}") = "02Compact", "02Compact", "{40BDA379-F074-49AD-A7E8-82DCE7963FC9}"
EndProject
Project("{2150E333-8FDC-42A3-9474-1A3956D46DE8}") = "Test", "Test", "{A8B71748-6410-4AB1-AB26-08A71148C7F2}"
EndProject
Project("{8BB2217D-0F2D-49D1-97BC-3654ED321F3B}") = "Kehu1688.Framework.API.Test", "Kehu1688.Framework.API.Test\Kehu1688.Framework.API.Test.xproj", "{E6F47FFC-439F-4D13-9BCC-909D7E47CDFE}"
EndProject
Project("{8BB2217D-0F2D-49D1-97BC-3654ED321F3B}") = "Kehu1688.Framework.Middleware", "Kehu1688.Framework.Middleware\Kehu1688.Framework.Middleware.xproj", "{BA308712-11CD-4E63-B3A6-4117A2DA6263}"
EndProject
Project("{2150E333-8FDC-42A3-9474-1A3956D46DE8}") = "Src", "Src", "{2EF2BAC1-4481-40E3-862A-2B7EE2743A73}"
EndProject
Project("{8BB2217D-0F2D-49D1-97BC-3654ED321F3B}") = "Kehu1688.Framework.API.Doc", "Kehu1688.Framework.API.Doc\Kehu1688.Framework.API.Doc.xproj", "{0D1EC740-314E-440F-A26C-E29B2886F594}"
EndProject
Project("{8BB2217D-0F2D-49D1-97BC-3654ED321F3B}") = "Kehu1688.Framework.Config", "Kehu1688.Framework.Config\Kehu1688.Framework.Config.xproj", "{63B18E74-073B-4008-B695-84BCCE6868BD}"
EndProject
Project("{2150E333-8FDC-42A3-9474-1A3956D46DE8}") = "global", "global", "{D7B8D154-D7BB-489D-A377-6BEE365E357B}"
	ProjectSection(SolutionItems) = preProject
		Kehu1688.Framework.Config\global.json = Kehu1688.Framework.Config\global.json
		Kehu1688.Framework.Base\global.json = Kehu1688.Framework.Base\global.json
		Kehu1688.Framework.Store\global.json = Kehu1688.Framework.Store\global.json
		Kehu1688.Framework.Permission\global.json = Kehu1688.Framework.Permission\global.json
		Kehu1688.Framework.Permission.Service\global.json = Kehu1688.Framework.Permission.Service\global.json
		Kehu1688.Framework.DI\global.json = Kehu1688.Framework.DI\global.json
		Kehu1688.Framework.API\global.json = Kehu1688.Framework.API\global.json
	EndProjectSection
EndProject
Project("{2150E333-8FDC-42A3-9474-1A3956D46DE8}") = "project", "project", "{8177021E-9803-4C88-A6B6-6975C8630125}"
	ProjectSection(SolutionItems) = preProject
		Kehu1688.Framework.API\project.json = Kehu1688.Framework.API\project.json
		Kehu1688.Framework.API.Doc\project.json = Kehu1688.Framework.API.Doc\project.json
		Kehu1688.Framework.Base\project.json = Kehu1688.Framework.Base\project.json
		Kehu1688.Framework.Config\project.json = Kehu1688.Framework.Config\project.json
		Kehu1688.Framework.DI\project.json = Kehu1688.Framework.DI\project.json
		Kehu1688.Framework.Middleware\project.json = Kehu1688.Framework.Middleware\project.json
		Kehu1688.Framework.Permission\project.json = Kehu1688.Framework.Permission\project.json
		Kehu1688.Framework.Permission.Service\project.json = Kehu1688.Framework.Permission.Service\project.json
		Kehu1688.Framework.Store\project.json = Kehu1688.Framework.Store\project.json
	EndProjectSection
EndProject
Project("{F088123C-0E9E-452A-89E6-6BA2F21D5CAC}") = "RightAuthentication", "RightAuthentication\RightAuthentication.modelproj", "{58DBE350-5068-40C7-BC95-5734606B10F4}"
EndProject
Project("{2150E333-8FDC-42A3-9474-1A3956D46DE8}") = "architecture", "architecture", "{85505826-3E35-4D05-B57D-8ED77176E6A2}"
EndProject
Project("{8BB2217D-0F2D-49D1-97BC-3654ED321F3B}") = "Kehu1688.Framework.Redis", "Kehu1688.Framework.Redis\Kehu1688.Framework.Redis.xproj", "{00C384BB-C961-4C2F-84B9-AF707DB7DB7C}"
EndProject
Project("{8BB2217D-0F2D-49D1-97BC-3654ED321F3B}") = "Kehu1688.Framework.UserLog", "Kehu1688.Framework.UserLog\Kehu1688.Framework.UserLog.xproj", "{D58CF905-32AB-4497-9FA0-1E0BE75CC1F5}"
EndProject
Project("{8BB2217D-0F2D-49D1-97BC-3654ED321F3B}") = "Kehu1688.Framework.AuditsFlow", "Kehu1688.Framework.AuditsFlow\Kehu1688.Framework.AuditsFlow.xproj", "{ED73C4BE-C56F-4D4D-AC5D-5CEC80962858}"
EndProject
Project("{8BB2217D-0F2D-49D1-97BC-3654ED321F3B}") = "Kehu1688.Framework.Caches", "Kehu1688.Framework.Caches\Kehu1688.Framework.Caches.xproj", "{7A8F6855-415D-4017-B1AA-BAB711069E00}"
EndProject
Global
	GlobalSection(SolutionConfigurationPlatforms) = preSolution
		Debug|Any CPU = Debug|Any CPU
		Release|Any CPU = Release|Any CPU
	EndGlobalSection
	GlobalSection(ProjectConfigurationPlatforms) = postSolution
		{6E386222-257F-4DFD-B3BC-8B42D6BB4DE1}.Debug|Any CPU.ActiveCfg = Debug|Any CPU
		{6E386222-257F-4DFD-B3BC-8B42D6BB4DE1}.Debug|Any CPU.Build.0 = Debug|Any CPU
		{6E386222-257F-4DFD-B3BC-8B42D6BB4DE1}.Release|Any CPU.ActiveCfg = Release|Any CPU
		{6E386222-257F-4DFD-B3BC-8B42D6BB4DE1}.Release|Any CPU.Build.0 = Release|Any CPU
		{DFD41F65-3BBF-449F-9350-7A811DE73826}.Debug|Any CPU.ActiveCfg = Debug|Any CPU
		{DFD41F65-3BBF-449F-9350-7A811DE73826}.Debug|Any CPU.Build.0 = Debug|Any CPU
		{DFD41F65-3BBF-449F-9350-7A811DE73826}.Release|Any CPU.ActiveCfg = Release|Any CPU
		{DFD41F65-3BBF-449F-9350-7A811DE73826}.Release|Any CPU.Build.0 = Release|Any CPU
		{36295C3F-1630-411B-AF34-0380E38804BB}.Debug|Any CPU.ActiveCfg = Debug|Any CPU
		{36295C3F-1630-411B-AF34-0380E38804BB}.Debug|Any CPU.Build.0 = Debug|Any CPU
		{36295C3F-1630-411B-AF34-0380E38804BB}.Release|Any CPU.ActiveCfg = Release|Any CPU
		{36295C3F-1630-411B-AF34-0380E38804BB}.Release|Any CPU.Build.0 = Release|Any CPU
		{F5617FB4-8A28-45FE-9795-B94A889FA600}.Debug|Any CPU.ActiveCfg = Debug|Any CPU
		{F5617FB4-8A28-45FE-9795-B94A889FA600}.Debug|Any CPU.Build.0 = Debug|Any CPU
		{F5617FB4-8A28-45FE-9795-B94A889FA600}.Release|Any CPU.ActiveCfg = Release|Any CPU
		{F5617FB4-8A28-45FE-9795-B94A889FA600}.Release|Any CPU.Build.0 = Release|Any CPU
		{5D17CF54-A0F2-412E-97F2-439FB027F4EA}.Debug|Any CPU.ActiveCfg = Debug|Any CPU
		{5D17CF54-A0F2-412E-97F2-439FB027F4EA}.Debug|Any CPU.Build.0 = Debug|Any CPU
		{5D17CF54-A0F2-412E-97F2-439FB027F4EA}.Release|Any CPU.ActiveCfg = Release|Any CPU
		{5D17CF54-A0F2-412E-97F2-439FB027F4EA}.Release|Any CPU.Build.0 = Release|Any CPU
		{5117FE33-21FE-4C88-8260-079CA38B2323}.Debug|Any CPU.ActiveCfg = Debug|Any CPU
		{5117FE33-21FE-4C88-8260-079CA38B2323}.Debug|Any CPU.Build.0 = Debug|Any CPU
		{5117FE33-21FE-4C88-8260-079CA38B2323}.Release|Any CPU.ActiveCfg = Release|Any CPU
		{5117FE33-21FE-4C88-8260-079CA38B2323}.Release|Any CPU.Build.0 = Release|Any CPU
		{E6F47FFC-439F-4D13-9BCC-909D7E47CDFE}.Debug|Any CPU.ActiveCfg = Debug|Any CPU
		{E6F47FFC-439F-4D13-9BCC-909D7E47CDFE}.Debug|Any CPU.Build.0 = Debug|Any CPU
		{E6F47FFC-439F-4D13-9BCC-909D7E47CDFE}.Release|Any CPU.ActiveCfg = Release|Any CPU
		{E6F47FFC-439F-4D13-9BCC-909D7E47CDFE}.Release|Any CPU.Build.0 = Release|Any CPU
		{BA308712-11CD-4E63-B3A6-4117A2DA6263}.Debug|Any CPU.ActiveCfg = Debug|Any CPU
		{BA308712-11CD-4E63-B3A6-4117A2DA6263}.Debug|Any CPU.Build.0 = Debug|Any CPU
		{BA308712-11CD-4E63-B3A6-4117A2DA6263}.Release|Any CPU.ActiveCfg = Release|Any CPU
		{BA308712-11CD-4E63-B3A6-4117A2DA6263}.Release|Any CPU.Build.0 = Release|Any CPU
		{0D1EC740-314E-440F-A26C-E29B2886F594}.Debug|Any CPU.ActiveCfg = Debug|Any CPU
		{0D1EC740-314E-440F-A26C-E29B2886F594}.Debug|Any CPU.Build.0 = Debug|Any CPU
		{0D1EC740-314E-440F-A26C-E29B2886F594}.Release|Any CPU.ActiveCfg = Release|Any CPU
		{0D1EC740-314E-440F-A26C-E29B2886F594}.Release|Any CPU.Build.0 = Release|Any CPU
		{63B18E74-073B-4008-B695-84BCCE6868BD}.Debug|Any CPU.ActiveCfg = Debug|Any CPU
		{63B18E74-073B-4008-B695-84BCCE6868BD}.Debug|Any CPU.Build.0 = Debug|Any CPU
		{63B18E74-073B-4008-B695-84BCCE6868BD}.Release|Any CPU.ActiveCfg = Release|Any CPU
		{63B18E74-073B-4008-B695-84BCCE6868BD}.Release|Any CPU.Build.0 = Release|Any CPU
		{58DBE350-5068-40C7-BC95-5734606B10F4}.Debug|Any CPU.ActiveCfg = Debug|Any CPU
		{58DBE350-5068-40C7-BC95-5734606B10F4}.Debug|Any CPU.Build.0 = Debug|Any CPU
		{58DBE350-5068-40C7-BC95-5734606B10F4}.Release|Any CPU.ActiveCfg = Release|Any CPU
		{58DBE350-5068-40C7-BC95-5734606B10F4}.Release|Any CPU.Build.0 = Release|Any CPU
		{00C384BB-C961-4C2F-84B9-AF707DB7DB7C}.Debug|Any CPU.ActiveCfg = Debug|Any CPU
		{00C384BB-C961-4C2F-84B9-AF707DB7DB7C}.Debug|Any CPU.Build.0 = Debug|Any CPU
		{00C384BB-C961-4C2F-84B9-AF707DB7DB7C}.Release|Any CPU.ActiveCfg = Release|Any CPU
		{00C384BB-C961-4C2F-84B9-AF707DB7DB7C}.Release|Any CPU.Build.0 = Release|Any CPU
		{D58CF905-32AB-4497-9FA0-1E0BE75CC1F5}.Debug|Any CPU.ActiveCfg = Debug|Any CPU
		{D58CF905-32AB-4497-9FA0-1E0BE75CC1F5}.Debug|Any CPU.Build.0 = Debug|Any CPU
		{D58CF905-32AB-4497-9FA0-1E0BE75CC1F5}.Release|Any CPU.ActiveCfg = Release|Any CPU
		{D58CF905-32AB-4497-9FA0-1E0BE75CC1F5}.Release|Any CPU.Build.0 = Release|Any CPU
		{ED73C4BE-C56F-4D4D-AC5D-5CEC80962858}.Debug|Any CPU.ActiveCfg = Debug|Any CPU
		{ED73C4BE-C56F-4D4D-AC5D-5CEC80962858}.Debug|Any CPU.Build.0 = Debug|Any CPU
		{ED73C4BE-C56F-4D4D-AC5D-5CEC80962858}.Release|Any CPU.ActiveCfg = Release|Any CPU
		{ED73C4BE-C56F-4D4D-AC5D-5CEC80962858}.Release|Any CPU.Build.0 = Release|Any CPU
		{7A8F6855-415D-4017-B1AA-BAB711069E00}.Debug|Any CPU.ActiveCfg = Debug|Any CPU
		{7A8F6855-415D-4017-B1AA-BAB711069E00}.Debug|Any CPU.Build.0 = Debug|Any CPU
		{7A8F6855-415D-4017-B1AA-BAB711069E00}.Release|Any CPU.ActiveCfg = Release|Any CPU
		{7A8F6855-415D-4017-B1AA-BAB711069E00}.Release|Any CPU.Build.0 = Release|Any CPU
	EndGlobalSection
	GlobalSection(SolutionProperties) = preSolution
		HideSolutionNode = FALSE
	EndGlobalSection
	GlobalSection(NestedProjects) = preSolution
		{6E386222-257F-4DFD-B3BC-8B42D6BB4DE1} = {747D054B-901A-4002-9488-BCDD50F199A8}
		{DFD41F65-3BBF-449F-9350-7A811DE73826} = {747D054B-901A-4002-9488-BCDD50F199A8}
		{36295C3F-1630-411B-AF34-0380E38804BB} = {3CBB30B8-3292-49FE-B949-3316411D31CD}
		{747D054B-901A-4002-9488-BCDD50F199A8} = {2EF2BAC1-4481-40E3-862A-2B7EE2743A73}
		{3CBB30B8-3292-49FE-B949-3316411D31CD} = {2EF2BAC1-4481-40E3-862A-2B7EE2743A73}
		{AB412132-209A-46A1-8B41-F408184AB556} = {2EF2BAC1-4481-40E3-862A-2B7EE2743A73}
		{F5617FB4-8A28-45FE-9795-B94A889FA600} = {40BDA379-F074-49AD-A7E8-82DCE7963FC9}
		{5D17CF54-A0F2-412E-97F2-439FB027F4EA} = {3CBB30B8-3292-49FE-B949-3316411D31CD}
		{5117FE33-21FE-4C88-8260-079CA38B2323} = {AB412132-209A-46A1-8B41-F408184AB556}
		{40BDA379-F074-49AD-A7E8-82DCE7963FC9} = {2EF2BAC1-4481-40E3-862A-2B7EE2743A73}
		{E6F47FFC-439F-4D13-9BCC-909D7E47CDFE} = {A8B71748-6410-4AB1-AB26-08A71148C7F2}
		{BA308712-11CD-4E63-B3A6-4117A2DA6263} = {40BDA379-F074-49AD-A7E8-82DCE7963FC9}
		{0D1EC740-314E-440F-A26C-E29B2886F594} = {AB412132-209A-46A1-8B41-F408184AB556}
		{63B18E74-073B-4008-B695-84BCCE6868BD} = {747D054B-901A-4002-9488-BCDD50F199A8}
		{D7B8D154-D7BB-489D-A377-6BEE365E357B} = {25BC12DB-296C-4383-A086-3110D25DC385}
		{8177021E-9803-4C88-A6B6-6975C8630125} = {25BC12DB-296C-4383-A086-3110D25DC385}
		{58DBE350-5068-40C7-BC95-5734606B10F4} = {85505826-3E35-4D05-B57D-8ED77176E6A2}
		{00C384BB-C961-4C2F-84B9-AF707DB7DB7C} = {40BDA379-F074-49AD-A7E8-82DCE7963FC9}
		{D58CF905-32AB-4497-9FA0-1E0BE75CC1F5} = {40BDA379-F074-49AD-A7E8-82DCE7963FC9}
		{ED73C4BE-C56F-4D4D-AC5D-5CEC80962858} = {40BDA379-F074-49AD-A7E8-82DCE7963FC9}
		{7A8F6855-415D-4017-B1AA-BAB711069E00} = {40BDA379-F074-49AD-A7E8-82DCE7963FC9}
	EndGlobalSection
EndGlobal
